
Microsoft Visual Studio Solution File, Format Version 12.00
# Visual Studio Version 16
VisualStudioVersion = 16.0.31424.327
MinimumVisualStudioVersion = 10.0.40219.1
Project("{FAE04EC0-301F-11D3-BF4B-00C04F79EFBC}") = "IBM_TheaterWebAppi", "IBM_TheaterWebAppi\IBM_TheaterWebAppi.csproj", "{E1EF8CE5-3256-4B40-85EB-246E18BE02F7}"
EndProject
Global
	GlobalSection(SolutionConfigurationPlatforms) = preSolution
		Debug|Any CPU = Debug|Any CPU
		Release|Any CPU = Release|Any CPU
	EndGlobalSection
	GlobalSection(ProjectConfigurationPlatforms) = postSolution
		{E1EF8CE5-3256-4B40-85EB-246E18BE02F7}.Debug|Any CPU.ActiveCfg = Debug|Any CPU
		{E1EF8CE5-3256-4B40-85EB-246E18BE02F7}.Debug|Any CPU.Build.0 = Debug|Any CPU
		{E1EF8CE5-3256-4B40-85EB-246E18BE02F7}.Release|Any CPU.ActiveCfg = Release|Any CPU
		{E1EF8CE5-3256-4B40-85EB-246E18BE02F7}.Release|Any CPU.Build.0 = Release|Any CPU
	EndGlobalSection
	GlobalSection(SolutionProperties) = preSolution
		HideSolutionNode = FALSE
	EndGlobalSection
	GlobalSection(ExtensibilityGlobals) = postSolution
		SolutionGuid = {0AC095C5-C659-4B3A-9DA0-C371FDCAF961}
	EndGlobalSection
EndGlobal
